
Microsoft Visual Studio Solution File, Format Version 12.00
# Visual Studio Version 16
VisualStudioVersion = 16.0.29509.3
MinimumVisualStudioVersion = 10.0.40219.1
Project("{FAE04EC0-301F-11D3-BF4B-00C04F79EFBC}") = "VaildateCustomWareBuild", "VaildateCustomWareBuild\VaildateCustomWareBuild.csproj", "{23E6E2B1-CF0E-4EE8-A24A-853738A0E32D}"
EndProject
Project("{FAE04EC0-301F-11D3-BF4B-00C04F79EFBC}") = "CustomWareValidation", "CustomWareValidation\CustomWareValidation.csproj", "{42DB8385-0002-44D2-BA96-D8B0432879D0}"
EndProject
Global
	GlobalSection(SolutionConfigurationPlatforms) = preSolution
		Debug|Any CPU = Debug|Any CPU
		Release|Any CPU = Release|Any CPU
	EndGlobalSection
	GlobalSection(ProjectConfigurationPlatforms) = postSolution
		{23E6E2B1-CF0E-4EE8-A24A-853738A0E32D}.Debug|Any CPU.ActiveCfg = Debug|Any CPU
		{23E6E2B1-CF0E-4EE8-A24A-853738A0E32D}.Debug|Any CPU.Build.0 = Debug|Any CPU
		{23E6E2B1-CF0E-4EE8-A24A-853738A0E32D}.Release|Any CPU.ActiveCfg = Release|Any CPU
		{23E6E2B1-CF0E-4EE8-A24A-853738A0E32D}.Release|Any CPU.Build.0 = Release|Any CPU
		{42DB8385-0002-44D2-BA96-D8B0432879D0}.Debug|Any CPU.ActiveCfg = Debug|Any CPU
		{42DB8385-0002-44D2-BA96-D8B0432879D0}.Debug|Any CPU.Build.0 = Debug|Any CPU
		{42DB8385-0002-44D2-BA96-D8B0432879D0}.Release|Any CPU.ActiveCfg = Release|Any CPU
		{42DB8385-0002-44D2-BA96-D8B0432879D0}.Release|Any CPU.Build.0 = Release|Any CPU
	EndGlobalSection
	GlobalSection(SolutionProperties) = preSolution
		HideSolutionNode = FALSE
	EndGlobalSection
	GlobalSection(ExtensibilityGlobals) = postSolution
		SolutionGuid = {6005135F-B2F6-4B12-B5E2-441CF316DE38}
	EndGlobalSection
EndGlobal
